// !$*UTF8*$!
{
	archiveVersion = 1;
	classes = {
	};
	objectVersion = 52;
	objects = {

/* Begin PBXBuildFile section */
		232EF40326A7F47B0067C3A4 /* VideoPreviewItem.swift in Sources */ = {isa = PBXBuildFile; fileRef = 232EF40226A7F47B0067C3A4 /* VideoPreviewItem.swift */; };
		2333A53326A7B38C00751F06 /* MediaResourceManager.swift in Sources */ = {isa = PBXBuildFile; fileRef = 2333A53226A7B38C00751F06 /* MediaResourceManager.swift */; };
		2333A53526A7C2BA00751F06 /* ResourceType.swift in Sources */ = {isa = PBXBuildFile; fileRef = 2333A53426A7C2BA00751F06 /* ResourceType.swift */; };
		2339461126A1338C0082A62F /* AppDelegate.swift in Sources */ = {isa = PBXBuildFile; fileRef = 2339461026A1338C0082A62F /* AppDelegate.swift */; };
		2339461526A1338E0082A62F /* Assets.xcassets in Resources */ = {isa = PBXBuildFile; fileRef = 2339461426A1338E0082A62F /* Assets.xcassets */; };
		2339461826A1338E0082A62F /* Main.storyboard in Resources */ = {isa = PBXBuildFile; fileRef = 2339461626A1338E0082A62F /* Main.storyboard */; };
		2339462326A136C60082A62F /* FileKit in Frameworks */ = {isa = PBXBuildFile; productRef = 2339462226A136C60082A62F /* FileKit */; };
		2339462526A136F10082A62F /* StatusItemManager.swift in Sources */ = {isa = PBXBuildFile; fileRef = 2339462426A136F10082A62F /* StatusItemManager.swift */; };
		2339462C26A1377A0082A62F /* VideoItem.swift in Sources */ = {isa = PBXBuildFile; fileRef = 2339462B26A1377A0082A62F /* VideoItem.swift */; };
		2339462E26A137E80082A62F /* VideoPlayer.swift in Sources */ = {isa = PBXBuildFile; fileRef = 2339462D26A137E80082A62F /* VideoPlayer.swift */; };
		236451CC26A6B03B003B8E6A /* Config.swift in Sources */ = {isa = PBXBuildFile; fileRef = 236451CB26A6B03B003B8E6A /* Config.swift */; };
		238354D626A6A9A9006075B5 /* PreferenceSettingView.swift in Sources */ = {isa = PBXBuildFile; fileRef = 238354D526A6A9A9006075B5 /* PreferenceSettingView.swift */; };
		238D310326A2BBD50035EB6E /* ScreenSaverVideoWrapperView.swift in Sources */ = {isa = PBXBuildFile; fileRef = 238D310226A2BBD50035EB6E /* ScreenSaverVideoWrapperView.swift */; };
		23B11A4026A5791E004FD56E /* SettingRootView.swift in Sources */ = {isa = PBXBuildFile; fileRef = 23B11A3F26A5791E004FD56E /* SettingRootView.swift */; };
		23B11A6226A5824D004FD56E /* VideoBoardView.swift in Sources */ = {isa = PBXBuildFile; fileRef = 23B11A6126A5824D004FD56E /* VideoBoardView.swift */; };
/* End PBXBuildFile section */

/* Begin PBXFileReference section */
		232EF40226A7F47B0067C3A4 /* VideoPreviewItem.swift */ = {isa = PBXFileReference; lastKnownFileType = sourcecode.swift; path = VideoPreviewItem.swift; sourceTree = "<group>"; };
		2333A53226A7B38C00751F06 /* MediaResourceManager.swift */ = {isa = PBXFileReference; lastKnownFileType = sourcecode.swift; path = MediaResourceManager.swift; sourceTree = "<group>"; };
		2333A53426A7C2BA00751F06 /* ResourceType.swift */ = {isa = PBXFileReference; lastKnownFileType = sourcecode.swift; path = ResourceType.swift; sourceTree = "<group>"; };
		2339460D26A1338C0082A62F /* Miao.app */ = {isa = PBXFileReference; explicitFileType = wrapper.application; includeInIndex = 0; path = Miao.app; sourceTree = BUILT_PRODUCTS_DIR; };
		2339461026A1338C0082A62F /* AppDelegate.swift */ = {isa = PBXFileReference; lastKnownFileType = sourcecode.swift; path = AppDelegate.swift; sourceTree = "<group>"; };
		2339461426A1338E0082A62F /* Assets.xcassets */ = {isa = PBXFileReference; lastKnownFileType = folder.assetcatalog; path = Assets.xcassets; sourceTree = "<group>"; };
		2339461726A1338E0082A62F /* Base */ = {isa = PBXFileReference; lastKnownFileType = file.storyboard; name = Base; path = Base.lproj/Main.storyboard; sourceTree = "<group>"; };
		2339461926A1338E0082A62F /* Info.plist */ = {isa = PBXFileReference; lastKnownFileType = text.plist.xml; path = Info.plist; sourceTree = "<group>"; };
		2339461A26A1338E0082A62F /* Miao.entitlements */ = {isa = PBXFileReference; lastKnownFileType = text.plist.entitlements; path = Miao.entitlements; sourceTree = "<group>"; };
		2339462426A136F10082A62F /* StatusItemManager.swift */ = {isa = PBXFileReference; lastKnownFileType = sourcecode.swift; path = StatusItemManager.swift; sourceTree = "<group>"; };
		2339462B26A1377A0082A62F /* VideoItem.swift */ = {isa = PBXFileReference; lastKnownFileType = sourcecode.swift; path = VideoItem.swift; sourceTree = "<group>"; };
		2339462D26A137E80082A62F /* VideoPlayer.swift */ = {isa = PBXFileReference; lastKnownFileType = sourcecode.swift; path = VideoPlayer.swift; sourceTree = "<group>"; };
		236451CB26A6B03B003B8E6A /* Config.swift */ = {isa = PBXFileReference; lastKnownFileType = sourcecode.swift; path = Config.swift; sourceTree = "<group>"; };
		238354D526A6A9A9006075B5 /* PreferenceSettingView.swift */ = {isa = PBXFileReference; lastKnownFileType = sourcecode.swift; path = PreferenceSettingView.swift; sourceTree = "<group>"; };
		238D310226A2BBD50035EB6E /* ScreenSaverVideoWrapperView.swift */ = {isa = PBXFileReference; lastKnownFileType = sourcecode.swift; path = ScreenSaverVideoWrapperView.swift; sourceTree = "<group>"; };
		23B11A3F26A5791E004FD56E /* SettingRootView.swift */ = {isa = PBXFileReference; lastKnownFileType = sourcecode.swift; path = SettingRootView.swift; sourceTree = "<group>"; };
		23B11A6126A5824D004FD56E /* VideoBoardView.swift */ = {isa = PBXFileReference; lastKnownFileType = sourcecode.swift; path = VideoBoardView.swift; sourceTree = "<group>"; };
/* End PBXFileReference section */

/* Begin PBXFrameworksBuildPhase section */
		2339460A26A1338C0082A62F /* Frameworks */ = {
			isa = PBXFrameworksBuildPhase;
			buildActionMask = 2147483647;
			files = (
				2339462326A136C60082A62F /* FileKit in Frameworks */,
			);
			runOnlyForDeploymentPostprocessing = 0;
		};
/* End PBXFrameworksBuildPhase section */

/* Begin PBXGroup section */
		232EF40126A7F4630067C3A4 /* Video */ = {
			isa = PBXGroup;
			children = (
				23B11A6126A5824D004FD56E /* VideoBoardView.swift */,
				232EF40226A7F47B0067C3A4 /* VideoPreviewItem.swift */,
			);
			path = Video;
			sourceTree = "<group>";
		};
		2339460426A1338B0082A62F = {
			isa = PBXGroup;
			children = (
				2339460F26A1338C0082A62F /* Miao */,
				2339460E26A1338C0082A62F /* Products */,
			);
			sourceTree = "<group>";
		};
		2339460E26A1338C0082A62F /* Products */ = {
			isa = PBXGroup;
			children = (
				2339460D26A1338C0082A62F /* Miao.app */,
			);
			name = Products;
			sourceTree = "<group>";
		};
		2339460F26A1338C0082A62F /* Miao */ = {
			isa = PBXGroup;
			children = (
				238354D226A6A34B006075B5 /* WindowController */,
				23B11A6026A5822D004FD56E /* View */,
				2339462A26A1376C0082A62F /* Model */,
				2339462926A137580082A62F /* Core */,
				2339462026A135F20082A62F /* Component */,
				2339461026A1338C0082A62F /* AppDelegate.swift */,
				23B11A3F26A5791E004FD56E /* SettingRootView.swift */,
				2339461426A1338E0082A62F /* Assets.xcassets */,
				2339461626A1338E0082A62F /* Main.storyboard */,
				2339461926A1338E0082A62F /* Info.plist */,
				2339461A26A1338E0082A62F /* Miao.entitlements */,
			);
			path = Miao;
			sourceTree = "<group>";
		};
		2339462026A135F20082A62F /* Component */ = {
			isa = PBXGroup;
			children = (
				2339462426A136F10082A62F /* StatusItemManager.swift */,
				236451CB26A6B03B003B8E6A /* Config.swift */,
				2333A53226A7B38C00751F06 /* MediaResourceManager.swift */,
			);
			path = Component;
			sourceTree = "<group>";
		};
		2339462926A137580082A62F /* Core */ = {
			isa = PBXGroup;
			children = (
				2339462D26A137E80082A62F /* VideoPlayer.swift */,
				238D310226A2BBD50035EB6E /* ScreenSaverVideoWrapperView.swift */,
			);
			path = Core;
			sourceTree = "<group>";
		};
		2339462A26A1376C0082A62F /* Model */ = {
			isa = PBXGroup;
			children = (
				2333A53426A7C2BA00751F06 /* ResourceType.swift */,
				2339462B26A1377A0082A62F /* VideoItem.swift */,
			);
			path = Model;
			sourceTree = "<group>";
		};
		238354D226A6A34B006075B5 /* WindowController */ = {
			isa = PBXGroup;
			children = (
			);
			path = WindowController;
			sourceTree = "<group>";
		};
		23B11A6026A5822D004FD56E /* View */ = {
			isa = PBXGroup;
			children = (
				232EF40126A7F4630067C3A4 /* Video */,
				238354D526A6A9A9006075B5 /* PreferenceSettingView.swift */,
			);
			path = View;
			sourceTree = "<group>";
		};
/* End PBXGroup section */

/* Begin PBXNativeTarget section */
		2339460C26A1338C0082A62F /* Miao */ = {
			isa = PBXNativeTarget;
			buildConfigurationList = 2339461D26A1338E0082A62F /* Build configuration list for PBXNativeTarget "Miao" */;
			buildPhases = (
				2339460926A1338C0082A62F /* Sources */,
				2339460A26A1338C0082A62F /* Frameworks */,
				2339460B26A1338C0082A62F /* Resources */,
			);
			buildRules = (
			);
			dependencies = (
			);
			name = Miao;
			packageProductDependencies = (
				2339462226A136C60082A62F /* FileKit */,
			);
			productName = Miao;
			productReference = 2339460D26A1338C0082A62F /* Miao.app */;
			productType = "com.apple.product-type.application";
		};
/* End PBXNativeTarget section */

/* Begin PBXProject section */
		2339460526A1338B0082A62F /* Project object */ = {
			isa = PBXProject;
			attributes = {
				LastSwiftUpdateCheck = 1250;
				LastUpgradeCheck = 1250;
				TargetAttributes = {
					2339460C26A1338C0082A62F = {
						CreatedOnToolsVersion = 12.5;
					};
				};
			};
			buildConfigurationList = 2339460826A1338B0082A62F /* Build configuration list for PBXProject "Miao" */;
			compatibilityVersion = "Xcode 9.3";
			developmentRegion = en;
			hasScannedForEncodings = 0;
			knownRegions = (
				en,
				Base,
			);
			mainGroup = 2339460426A1338B0082A62F;
			packageReferences = (
				2339462126A136C60082A62F /* XCRemoteSwiftPackageReference "FileKit" */,
			);
			productRefGroup = 2339460E26A1338C0082A62F /* Products */;
			projectDirPath = "";
			projectRoot = "";
			targets = (
				2339460C26A1338C0082A62F /* Miao */,
			);
		};
/* End PBXProject section */

/* Begin PBXResourcesBuildPhase section */
		2339460B26A1338C0082A62F /* Resources */ = {
			isa = PBXResourcesBuildPhase;
			buildActionMask = 2147483647;
			files = (
				2339461526A1338E0082A62F /* Assets.xcassets in Resources */,
				2339461826A1338E0082A62F /* Main.storyboard in Resources */,
			);
			runOnlyForDeploymentPostprocessing = 0;
		};
/* End PBXResourcesBuildPhase section */

/* Begin PBXSourcesBuildPhase section */
		2339460926A1338C0082A62F /* Sources */ = {
			isa = PBXSourcesBuildPhase;
			buildActionMask = 2147483647;
			files = (
				2339462526A136F10082A62F /* StatusItemManager.swift in Sources */,
				2339462E26A137E80082A62F /* VideoPlayer.swift in Sources */,
				236451CC26A6B03B003B8E6A /* Config.swift in Sources */,
				238D310326A2BBD50035EB6E /* ScreenSaverVideoWrapperView.swift in Sources */,
				2339462C26A1377A0082A62F /* VideoItem.swift in Sources */,
				2339461126A1338C0082A62F /* AppDelegate.swift in Sources */,
				232EF40326A7F47B0067C3A4 /* VideoPreviewItem.swift in Sources */,
				23B11A6226A5824D004FD56E /* VideoBoardView.swift in Sources */,
				2333A53326A7B38C00751F06 /* MediaResourceManager.swift in Sources */,
				238354D626A6A9A9006075B5 /* PreferenceSettingView.swift in Sources */,
				2333A53526A7C2BA00751F06 /* ResourceType.swift in Sources */,
				23B11A4026A5791E004FD56E /* SettingRootView.swift in Sources */,
			);
			runOnlyForDeploymentPostprocessing = 0;
		};
/* End PBXSourcesBuildPhase section */

/* Begin PBXVariantGroup section */
		2339461626A1338E0082A62F /* Main.storyboard */ = {
			isa = PBXVariantGroup;
			children = (
				2339461726A1338E0082A62F /* Base */,
			);
			name = Main.storyboard;
			sourceTree = "<group>";
		};
/* End PBXVariantGroup section */

/* Begin XCBuildConfiguration section */
		2339461B26A1338E0082A62F /* Debug */ = {
			isa = XCBuildConfiguration;
			buildSettings = {
				ALWAYS_SEARCH_USER_PATHS = NO;
				CLANG_ANALYZER_NONNULL = YES;
				CLANG_ANALYZER_NUMBER_OBJECT_CONVERSION = YES_AGGRESSIVE;
				CLANG_CXX_LANGUAGE_STANDARD = "gnu++14";
				CLANG_CXX_LIBRARY = "libc++";
				CLANG_ENABLE_MODULES = YES;
				CLANG_ENABLE_OBJC_ARC = YES;
				CLANG_ENABLE_OBJC_WEAK = YES;
				CLANG_WARN_BLOCK_CAPTURE_AUTORELEASING = YES;
				CLANG_WARN_BOOL_CONVERSION = YES;
				CLANG_WARN_COMMA = YES;
				CLANG_WARN_CONSTANT_CONVERSION = YES;
				CLANG_WARN_DEPRECATED_OBJC_IMPLEMENTATIONS = YES;
				CLANG_WARN_DIRECT_OBJC_ISA_USAGE = YES_ERROR;
				CLANG_WARN_DOCUMENTATION_COMMENTS = YES;
				CLANG_WARN_EMPTY_BODY = YES;
				CLANG_WARN_ENUM_CONVERSION = YES;
				CLANG_WARN_INFINITE_RECURSION = YES;
				CLANG_WARN_INT_CONVERSION = YES;
				CLANG_WARN_NON_LITERAL_NULL_CONVERSION = YES;
				CLANG_WARN_OBJC_IMPLICIT_RETAIN_SELF = YES;
				CLANG_WARN_OBJC_LITERAL_CONVERSION = YES;
				CLANG_WARN_OBJC_ROOT_CLASS = YES_ERROR;
				CLANG_WARN_QUOTED_INCLUDE_IN_FRAMEWORK_HEADER = YES;
				CLANG_WARN_RANGE_LOOP_ANALYSIS = YES;
				CLANG_WARN_STRICT_PROTOTYPES = YES;
				CLANG_WARN_SUSPICIOUS_MOVE = YES;
				CLANG_WARN_UNGUARDED_AVAILABILITY = YES_AGGRESSIVE;
				CLANG_WARN_UNREACHABLE_CODE = YES;
				CLANG_WARN__DUPLICATE_METHOD_MATCH = YES;
				COPY_PHASE_STRIP = NO;
				DEBUG_INFORMATION_FORMAT = dwarf;
				ENABLE_STRICT_OBJC_MSGSEND = YES;
				ENABLE_TESTABILITY = YES;
				GCC_C_LANGUAGE_STANDARD = gnu11;
				GCC_DYNAMIC_NO_PIC = NO;
				GCC_NO_COMMON_BLOCKS = YES;
				GCC_OPTIMIZATION_LEVEL = 0;
				GCC_PREPROCESSOR_DEFINITIONS = (
					"DEBUG=1",
					"$(inherited)",
				);
				GCC_WARN_64_TO_32_BIT_CONVERSION = YES;
				GCC_WARN_ABOUT_RETURN_TYPE = YES_ERROR;
				GCC_WARN_UNDECLARED_SELECTOR = YES;
				GCC_WARN_UNINITIALIZED_AUTOS = YES_AGGRESSIVE;
				GCC_WARN_UNUSED_FUNCTION = YES;
				GCC_WARN_UNUSED_VARIABLE = YES;
				MACOSX_DEPLOYMENT_TARGET = 11.3;
				MTL_ENABLE_DEBUG_INFO = INCLUDE_SOURCE;
				MTL_FAST_MATH = YES;
				ONLY_ACTIVE_ARCH = YES;
				SDKROOT = macosx;
				SWIFT_ACTIVE_COMPILATION_CONDITIONS = DEBUG;
				SWIFT_OPTIMIZATION_LEVEL = "-Onone";
			};
			name = Debug;
		};
		2339461C26A1338E0082A62F /* Release */ = {
			isa = XCBuildConfiguration;
			buildSettings = {
				ALWAYS_SEARCH_USER_PATHS = NO;
				CLANG_ANALYZER_NONNULL = YES;
				CLANG_ANALYZER_NUMBER_OBJECT_CONVERSION = YES_AGGRESSIVE;
				CLANG_CXX_LANGUAGE_STANDARD = "gnu++14";
				CLANG_CXX_LIBRARY = "libc++";
				CLANG_ENABLE_MODULES = YES;
				CLANG_ENABLE_OBJC_ARC = YES;
				CLANG_ENABLE_OBJC_WEAK = YES;
				CLANG_WARN_BLOCK_CAPTURE_AUTORELEASING = YES;
				CLANG_WARN_BOOL_CONVERSION = YES;
				CLANG_WARN_COMMA = YES;
				CLANG_WARN_CONSTANT_CONVERSION = YES;
				CLANG_WARN_DEPRECATED_OBJC_IMPLEMENTATIONS = YES;
				CLANG_WARN_DIRECT_OBJC_ISA_USAGE = YES_ERROR;
				CLANG_WARN_DOCUMENTATION_COMMENTS = YES;
				CLANG_WARN_EMPTY_BODY = YES;
				CLANG_WARN_ENUM_CONVERSION = YES;
				CLANG_WARN_INFINITE_RECURSION = YES;
				CLANG_WARN_INT_CONVERSION = YES;
				CLANG_WARN_NON_LITERAL_NULL_CONVERSION = YES;
				CLANG_WARN_OBJC_IMPLICIT_RETAIN_SELF = YES;
				CLANG_WARN_OBJC_LITERAL_CONVERSION = YES;
				CLANG_WARN_OBJC_ROOT_CLASS = YES_ERROR;
				CLANG_WARN_QUOTED_INCLUDE_IN_FRAMEWORK_HEADER = YES;
				CLANG_WARN_RANGE_LOOP_ANALYSIS = YES;
				CLANG_WARN_STRICT_PROTOTYPES = YES;
				CLANG_WARN_SUSPICIOUS_MOVE = YES;
				CLANG_WARN_UNGUARDED_AVAILABILITY = YES_AGGRESSIVE;
				CLANG_WARN_UNREACHABLE_CODE = YES;
				CLANG_WARN__DUPLICATE_METHOD_MATCH = YES;
				COPY_PHASE_STRIP = NO;
				DEBUG_INFORMATION_FORMAT = "dwarf-with-dsym";
				ENABLE_NS_ASSERTIONS = NO;
				ENABLE_STRICT_OBJC_MSGSEND = YES;
				GCC_C_LANGUAGE_STANDARD = gnu11;
				GCC_NO_COMMON_BLOCKS = YES;
				GCC_WARN_64_TO_32_BIT_CONVERSION = YES;
				GCC_WARN_ABOUT_RETURN_TYPE = YES_ERROR;
				GCC_WARN_UNDECLARED_SELECTOR = YES;
				GCC_WARN_UNINITIALIZED_AUTOS = YES_AGGRESSIVE;
				GCC_WARN_UNUSED_FUNCTION = YES;
				GCC_WARN_UNUSED_VARIABLE = YES;
				MACOSX_DEPLOYMENT_TARGET = 11.3;
				MTL_ENABLE_DEBUG_INFO = NO;
				MTL_FAST_MATH = YES;
				SDKROOT = macosx;
				SWIFT_COMPILATION_MODE = wholemodule;
				SWIFT_OPTIMIZATION_LEVEL = "-O";
			};
			name = Release;
		};
		2339461E26A1338E0082A62F /* Debug */ = {
			isa = XCBuildConfiguration;
			buildSettings = {
				ASSETCATALOG_COMPILER_APPICON_NAME = AppIcon;
				ASSETCATALOG_COMPILER_GLOBAL_ACCENT_COLOR_NAME = AccentColor;
				CODE_SIGN_ENTITLEMENTS = Miao/Miao.entitlements;
				CODE_SIGN_STYLE = Automatic;
				COMBINE_HIDPI_IMAGES = YES;
				INFOPLIST_FILE = Miao/Info.plist;
				LD_RUNPATH_SEARCH_PATHS = (
					"$(inherited)",
					"@executable_path/../Frameworks",
				);
				PRODUCT_BUNDLE_IDENTIFIER = com.topstack.com.Miao;
				PRODUCT_NAME = "$(TARGET_NAME)";
				SWIFT_VERSION = 5.0;
			};
			name = Debug;
		};
		2339461F26A1338E0082A62F /* Release */ = {
			isa = XCBuildConfiguration;
			buildSettings = {
				ASSETCATALOG_COMPILER_APPICON_NAME = AppIcon;
				ASSETCATALOG_COMPILER_GLOBAL_ACCENT_COLOR_NAME = AccentColor;
				CODE_SIGN_ENTITLEMENTS = Miao/Miao.entitlements;
				CODE_SIGN_STYLE = Automatic;
				COMBINE_HIDPI_IMAGES = YES;
				INFOPLIST_FILE = Miao/Info.plist;
				LD_RUNPATH_SEARCH_PATHS = (
					"$(inherited)",
					"@executable_path/../Frameworks",
				);
				PRODUCT_BUNDLE_IDENTIFIER = com.topstack.com.Miao;
				PRODUCT_NAME = "$(TARGET_NAME)";
				SWIFT_VERSION = 5.0;
			};
			name = Release;
		};
/* End XCBuildConfiguration section */

/* Begin XCConfigurationList section */
		2339460826A1338B0082A62F /* Build configuration list for PBXProject "Miao" */ = {
			isa = XCConfigurationList;
			buildConfigurations = (
				2339461B26A1338E0082A62F /* Debug */,
				2339461C26A1338E0082A62F /* Release */,
			);
			defaultConfigurationIsVisible = 0;
			defaultConfigurationName = Release;
		};
		2339461D26A1338E0082A62F /* Build configuration list for PBXNativeTarget "Miao" */ = {
			isa = XCConfigurationList;
			buildConfigurations = (
				2339461E26A1338E0082A62F /* Debug */,
				2339461F26A1338E0082A62F /* Release */,
			);
			defaultConfigurationIsVisible = 0;
			defaultConfigurationName = Release;
		};
/* End XCConfigurationList section */

/* Begin XCRemoteSwiftPackageReference section */
		2339462126A136C60082A62F /* XCRemoteSwiftPackageReference "FileKit" */ = {
			isa = XCRemoteSwiftPackageReference;
			repositoryURL = "https://github.com/nvzqz/FileKit.git";
			requirement = {
				kind = upToNextMajorVersion;
				minimumVersion = 6.0.0;
			};
		};
/* End XCRemoteSwiftPackageReference section */

/* Begin XCSwiftPackageProductDependency section */
		2339462226A136C60082A62F /* FileKit */ = {
			isa = XCSwiftPackageProductDependency;
			package = 2339462126A136C60082A62F /* XCRemoteSwiftPackageReference "FileKit" */;
			productName = FileKit;
		};
/* End XCSwiftPackageProductDependency section */
	};
	rootObject = 2339460526A1338B0082A62F /* Project object */;
}
